
Microsoft Visual Studio Solution File, Format Version 12.00
# Visual Studio Version 16
VisualStudioVersion = 16.0.30011.22
MinimumVisualStudioVersion = 10.0.40219.1
Project("{8BC9CEB8-8B4A-11D0-8D11-00A0C91BC942}") = "kmp", "kmp\kmp.vcxproj", "{7A0830EA-5F2F-4019-B871-C67C10A11667}"
EndProject
Global
	GlobalSection(SolutionConfigurationPlatforms) = preSolution
		Debug|x64 = Debug|x64
		Debug|x86 = Debug|x86
		Release|x64 = Release|x64
		Release|x86 = Release|x86
	EndGlobalSection
	GlobalSection(ProjectConfigurationPlatforms) = postSolution
		{7A0830EA-5F2F-4019-B871-C67C10A11667}.Debug|x64.ActiveCfg = Debug|x64
		{7A0830EA-5F2F-4019-B871-C67C10A11667}.Debug|x64.Build.0 = Debug|x64
		{7A0830EA-5F2F-4019-B871-C67C10A11667}.Debug|x86.ActiveCfg = Debug|Win32
		{7A0830EA-5F2F-4019-B871-C67C10A11667}.Debug|x86.Build.0 = Debug|Win32
		{7A0830EA-5F2F-4019-B871-C67C10A11667}.Release|x64.ActiveCfg = Release|x64
		{7A0830EA-5F2F-4019-B871-C67C10A11667}.Release|x64.Build.0 = Release|x64
		{7A0830EA-5F2F-4019-B871-C67C10A11667}.Release|x86.ActiveCfg = Release|Win32
		{7A0830EA-5F2F-4019-B871-C67C10A11667}.Release|x86.Build.0 = Release|Win32
	EndGlobalSection
	GlobalSection(SolutionProperties) = preSolution
		HideSolutionNode = FALSE
	EndGlobalSection
	GlobalSection(ExtensibilityGlobals) = postSolution
		SolutionGuid = {1340A2D6-227D-49B1-BF46-8D05EECA7FC9}
	EndGlobalSection
EndGlobal
